# This file is automatically @generated by Cargo.
# It is not intended for manual editing.
version = 4

[[package]]
name = "goreecloud-backups-cli"
version = "0.1.0-dev.0"
dependencies = [
 "goreecloud-backups-core",
 "goreecloud-backups-repository",
]

[[package]]
name = "goreecloud-backups-core"
version = "0.1.0-dev.0"

[[package]]
name = "goreecloud-backups-repository"
version = "0.1.0-dev.0"
